// !$*UTF8*$!
{
	archiveVersion = 1;
	classes = {
	};
	objectVersion = 46;
	objects = {

/* Begin PBXBuildFile section */
		2AF10F0915399E120032220A /* JMCParser.m in Sources */ = {isa = PBXBuildFile; fileRef = 2AF10F0815399E120032220A /* JMCParser.m */; };
		2AF10F0A15399E120032220A /* JMCParser.m in Sources */ = {isa = PBXBuildFile; fileRef = 2AF10F0815399E120032220A /* JMCParser.m */; };
		C710D9E5153B8DB000779B10 /* JMCMenuViewController.xib in Resources */ = {isa = PBXBuildFile; fileRef = C710D9E3153B8DB000779B10 /* JMCMenuViewController.xib */; };
		C727F2EC152BC45500E507B1 /* UIKit.framework in Frameworks */ = {isa = PBXBuildFile; fileRef = C727F2EB152BC45500E507B1 /* UIKit.framework */; };
		C727F2EE152BC45500E507B1 /* Foundation.framework in Frameworks */ = {isa = PBXBuildFile; fileRef = C727F2ED152BC45500E507B1 /* Foundation.framework */; };
		C727F2F0152BC45500E507B1 /* CoreGraphics.framework in Frameworks */ = {isa = PBXBuildFile; fileRef = C727F2EF152BC45500E507B1 /* CoreGraphics.framework */; };
		C727F2F6152BC45500E507B1 /* InfoPlist.strings in Resources */ = {isa = PBXBuildFile; fileRef = C727F2F4152BC45500E507B1 /* InfoPlist.strings */; };
		C727F2F8152BC45500E507B1 /* main.m in Sources */ = {isa = PBXBuildFile; fileRef = C727F2F7152BC45500E507B1 /* main.m */; };
		C727F2FC152BC45500E507B1 /* JMCAppDelegate.m in Sources */ = {isa = PBXBuildFile; fileRef = C727F2FB152BC45500E507B1 /* JMCAppDelegate.m */; };
		C727F304152BC45500E507B1 /* SenTestingKit.framework in Frameworks */ = {isa = PBXBuildFile; fileRef = C727F303152BC45500E507B1 /* SenTestingKit.framework */; };
		C727F305152BC45500E507B1 /* UIKit.framework in Frameworks */ = {isa = PBXBuildFile; fileRef = C727F2EB152BC45500E507B1 /* UIKit.framework */; };
		C727F306152BC45500E507B1 /* Foundation.framework in Frameworks */ = {isa = PBXBuildFile; fileRef = C727F2ED152BC45500E507B1 /* Foundation.framework */; };
		C727F30E152BC45500E507B1 /* InfoPlist.strings in Resources */ = {isa = PBXBuildFile; fileRef = C727F30C152BC45500E507B1 /* InfoPlist.strings */; };
		C727F311152BC45500E507B1 /* JuniorMIAGEConceptTests.m in Sources */ = {isa = PBXBuildFile; fileRef = C727F310152BC45500E507B1 /* JuniorMIAGEConceptTests.m */; };
		C739D3C8152C437C00FAB22D /* JMCNews.m in Sources */ = {isa = PBXBuildFile; fileRef = C739D3C4152C437C00FAB22D /* JMCNews.m */; };
		C74A82BA153F7416002EF930 /* JMCMenuHeaderSectionView.m in Sources */ = {isa = PBXBuildFile; fileRef = C74A82B9153F7416002EF930 /* JMCMenuHeaderSectionView.m */; };
		C74E03B01539EF33007A6974 /* IIViewDeckController.m in Sources */ = {isa = PBXBuildFile; fileRef = C74E03AD1539EF33007A6974 /* IIViewDeckController.m */; };
		C74E03B11539EF33007A6974 /* WrapController.m in Sources */ = {isa = PBXBuildFile; fileRef = C74E03AF1539EF33007A6974 /* WrapController.m */; };
		C7665D4F15407CBC00C4706F /* bubleComment.png in Resources */ = {isa = PBXBuildFile; fileRef = C7665D4E15407CBC00C4706F /* bubleComment.png */; };
		C7A7D1F715398E9300948A19 /* GDataXMLNode.m in Sources */ = {isa = PBXBuildFile; fileRef = C7A7D1F615398E9300948A19 /* GDataXMLNode.m */; };
		C7A7D1F915398F8800948A19 /* libxml2.2.7.3.dylib in Frameworks */ = {isa = PBXBuildFile; fileRef = C7A7D1F815398F8800948A19 /* libxml2.2.7.3.dylib */; };
		C7BD2DA2154043430031A7E1 /* menuCell.png in Resources */ = {isa = PBXBuildFile; fileRef = C7BD2DA1154043430031A7E1 /* menuCell.png */; };
		C7BD2DA415404B6D0031A7E1 /* iconAll.png in Resources */ = {isa = PBXBuildFile; fileRef = C7BD2DA315404B6D0031A7E1 /* iconAll.png */; };
		C7BD2DA615404D460031A7E1 /* iconNew.png in Resources */ = {isa = PBXBuildFile; fileRef = C7BD2DA515404D460031A7E1 /* iconNew.png */; };
		C7BD2DBD15405D740031A7E1 /* JMCNewsCell.m in Sources */ = {isa = PBXBuildFile; fileRef = C7BD2DBC15405D740031A7E1 /* JMCNewsCell.m */; };
		C7D53B211540C23700BFB6BB /* sectionheader.png in Resources */ = {isa = PBXBuildFile; fileRef = C7D53B201540C23700BFB6BB /* sectionheader.png */; };
		C7D53B231540C9CE00BFB6BB /* Icon.png in Resources */ = {isa = PBXBuildFile; fileRef = C7D53B221540C9CE00BFB6BB /* Icon.png */; };
		C7D53B251540C9D100BFB6BB /* Icon@2x.png in Resources */ = {isa = PBXBuildFile; fileRef = C7D53B241540C9D100BFB6BB /* Icon@2x.png */; };
		C7D53B2F15419A6900BFB6BB /* JMCMenuViewController.m in Sources */ = {isa = PBXBuildFile; fileRef = C7D53B2E15419A6900BFB6BB /* JMCMenuViewController.m */; };
		C7D53B3215419A7900BFB6BB /* JMCNewsTableViewController.m in Sources */ = {isa = PBXBuildFile; fileRef = C7D53B3115419A7900BFB6BB /* JMCNewsTableViewController.m */; };
		C7D53B3715419B3E00BFB6BB /* JMCNewsViewController.m in Sources */ = {isa = PBXBuildFile; fileRef = C7D53B3515419B3D00BFB6BB /* JMCNewsViewController.m */; };
		C7D53B3815419B3E00BFB6BB /* JMCNewsViewController.xib in Resources */ = {isa = PBXBuildFile; fileRef = C7D53B3615419B3D00BFB6BB /* JMCNewsViewController.xib */; };
		C7D53B421541FD0C00BFB6BB /* NavBar.png in Resources */ = {isa = PBXBuildFile; fileRef = C7D53B411541FD0C00BFB6BB /* NavBar.png */; };
		C7D53B441542008A00BFB6BB /* backButton.png in Resources */ = {isa = PBXBuildFile; fileRef = C7D53B431542008A00BFB6BB /* backButton.png */; };
/* End PBXBuildFile section */

/* Begin PBXContainerItemProxy section */
		C727F307152BC45500E507B1 /* PBXContainerItemProxy */ = {
			isa = PBXContainerItemProxy;
			containerPortal = C727F2DE152BC45500E507B1 /* Project object */;
			proxyType = 1;
			remoteGlobalIDString = C727F2E6152BC45500E507B1;
			remoteInfo = JuniorMIAGEConcept;
		};
/* End PBXContainerItemProxy section */

/* Begin PBXFileReference section */
		2AF10F0715399E120032220A /* JMCParser.h */ = {isa = PBXFileReference; fileEncoding = 4; lastKnownFileType = sourcecode.c.h; path = JMCParser.h; sourceTree = "<group>"; };
		2AF10F0815399E120032220A /* JMCParser.m */ = {isa = PBXFileReference; fileEncoding = 4; lastKnownFileType = sourcecode.c.objc; path = JMCParser.m; sourceTree = "<group>"; };
		C710D9E3153B8DB000779B10 /* JMCMenuViewController.xib */ = {isa = PBXFileReference; fileEncoding = 4; lastKnownFileType = file.xib; path = JMCMenuViewController.xib; sourceTree = "<group>"; };
		C727F2E7152BC45500E507B1 /* JuniorMIAGEConcept.app */ = {isa = PBXFileReference; explicitFileType = wrapper.application; includeInIndex = 0; path = JuniorMIAGEConcept.app; sourceTree = BUILT_PRODUCTS_DIR; };
		C727F2EB152BC45500E507B1 /* UIKit.framework */ = {isa = PBXFileReference; lastKnownFileType = wrapper.framework; name = UIKit.framework; path = System/Library/Frameworks/UIKit.framework; sourceTree = SDKROOT; };
		C727F2ED152BC45500E507B1 /* Foundation.framework */ = {isa = PBXFileReference; lastKnownFileType = wrapper.framework; name = Foundation.framework; path = System/Library/Frameworks/Foundation.framework; sourceTree = SDKROOT; };
		C727F2EF152BC45500E507B1 /* CoreGraphics.framework */ = {isa = PBXFileReference; lastKnownFileType = wrapper.framework; name = CoreGraphics.framework; path = System/Library/Frameworks/CoreGraphics.framework; sourceTree = SDKROOT; };
		C727F2F3152BC45500E507B1 /* JuniorMIAGEConcept-Info.plist */ = {isa = PBXFileReference; lastKnownFileType = text.plist.xml; path = "JuniorMIAGEConcept-Info.plist"; sourceTree = "<group>"; };
		C727F2F5152BC45500E507B1 /* en */ = {isa = PBXFileReference; lastKnownFileType = text.plist.strings; name = en; path = en.lproj/InfoPlist.strings; sourceTree = "<group>"; };
		C727F2F7152BC45500E507B1 /* main.m */ = {isa = PBXFileReference; lastKnownFileType = sourcecode.c.objc; path = main.m; sourceTree = "<group>"; };
		C727F2F9152BC45500E507B1 /* JuniorMIAGEConcept-Prefix.pch */ = {isa = PBXFileReference; lastKnownFileType = sourcecode.c.h; path = "JuniorMIAGEConcept-Prefix.pch"; sourceTree = "<group>"; };
		C727F2FA152BC45500E507B1 /* JMCAppDelegate.h */ = {isa = PBXFileReference; lastKnownFileType = sourcecode.c.h; path = JMCAppDelegate.h; sourceTree = "<group>"; };
		C727F2FB152BC45500E507B1 /* JMCAppDelegate.m */ = {isa = PBXFileReference; lastKnownFileType = sourcecode.c.objc; path = JMCAppDelegate.m; sourceTree = "<group>"; };
		C727F302152BC45500E507B1 /* JuniorMIAGEConceptTests.octest */ = {isa = PBXFileReference; explicitFileType = wrapper.cfbundle; includeInIndex = 0; path = JuniorMIAGEConceptTests.octest; sourceTree = BUILT_PRODUCTS_DIR; };
		C727F303152BC45500E507B1 /* SenTestingKit.framework */ = {isa = PBXFileReference; lastKnownFileType = wrapper.framework; name = SenTestingKit.framework; path = Library/Frameworks/SenTestingKit.framework; sourceTree = DEVELOPER_DIR; };
		C727F30B152BC45500E507B1 /* JuniorMIAGEConceptTests-Info.plist */ = {isa = PBXFileReference; lastKnownFileType = text.plist.xml; path = "JuniorMIAGEConceptTests-Info.plist"; sourceTree = "<group>"; };
		C727F30D152BC45500E507B1 /* en */ = {isa = PBXFileReference; lastKnownFileType = text.plist.strings; name = en; path = en.lproj/InfoPlist.strings; sourceTree = "<group>"; };
		C727F30F152BC45500E507B1 /* JuniorMIAGEConceptTests.h */ = {isa = PBXFileReference; lastKnownFileType = sourcecode.c.h; path = JuniorMIAGEConceptTests.h; sourceTree = "<group>"; };
		C727F310152BC45500E507B1 /* JuniorMIAGEConceptTests.m */ = {isa = PBXFileReference; lastKnownFileType = sourcecode.c.objc; path = JuniorMIAGEConceptTests.m; sourceTree = "<group>"; };
		C739D3C3152C437C00FAB22D /* JMCNews.h */ = {isa = PBXFileReference; fileEncoding = 4; lastKnownFileType = sourcecode.c.h; path = JMCNews.h; sourceTree = "<group>"; };
		C739D3C4152C437C00FAB22D /* JMCNews.m */ = {isa = PBXFileReference; fileEncoding = 4; lastKnownFileType = sourcecode.c.objc; path = JMCNews.m; sourceTree = "<group>"; };
		C74A82B8153F7416002EF930 /* JMCMenuHeaderSectionView.h */ = {isa = PBXFileReference; fileEncoding = 4; lastKnownFileType = sourcecode.c.h; path = JMCMenuHeaderSectionView.h; sourceTree = "<group>"; };
		C74A82B9153F7416002EF930 /* JMCMenuHeaderSectionView.m */ = {isa = PBXFileReference; fileEncoding = 4; lastKnownFileType = sourcecode.c.objc; path = JMCMenuHeaderSectionView.m; sourceTree = "<group>"; };
		C74E03AC1539EF33007A6974 /* IIViewDeckController.h */ = {isa = PBXFileReference; fileEncoding = 4; lastKnownFileType = sourcecode.c.h; path = IIViewDeckController.h; sourceTree = "<group>"; };
		C74E03AD1539EF33007A6974 /* IIViewDeckController.m */ = {isa = PBXFileReference; fileEncoding = 4; lastKnownFileType = sourcecode.c.objc; path = IIViewDeckController.m; sourceTree = "<group>"; };
		C74E03AE1539EF33007A6974 /* WrapController.h */ = {isa = PBXFileReference; fileEncoding = 4; lastKnownFileType = sourcecode.c.h; path = WrapController.h; sourceTree = "<group>"; };
		C74E03AF1539EF33007A6974 /* WrapController.m */ = {isa = PBXFileReference; fileEncoding = 4; lastKnownFileType = sourcecode.c.objc; path = WrapController.m; sourceTree = "<group>"; };
		C7665D4E15407CBC00C4706F /* bubleComment.png */ = {isa = PBXFileReference; lastKnownFileType = image.png; path = bubleComment.png; sourceTree = "<group>"; };
		C7A7D1F515398E9300948A19 /* GDataXMLNode.h */ = {isa = PBXFileReference; fileEncoding = 4; lastKnownFileType = sourcecode.c.h; path = GDataXMLNode.h; sourceTree = "<group>"; };
		C7A7D1F615398E9300948A19 /* GDataXMLNode.m */ = {isa = PBXFileReference; fileEncoding = 4; lastKnownFileType = sourcecode.c.objc; path = GDataXMLNode.m; sourceTree = "<group>"; };
		C7A7D1F815398F8800948A19 /* libxml2.2.7.3.dylib */ = {isa = PBXFileReference; lastKnownFileType = "compiled.mach-o.dylib"; name = libxml2.2.7.3.dylib; path = usr/lib/libxml2.2.7.3.dylib; sourceTree = SDKROOT; };
		C7BD2DA1154043430031A7E1 /* menuCell.png */ = {isa = PBXFileReference; lastKnownFileType = image.png; path = menuCell.png; sourceTree = "<group>"; };
		C7BD2DA315404B6D0031A7E1 /* iconAll.png */ = {isa = PBXFileReference; lastKnownFileType = image.png; path = iconAll.png; sourceTree = "<group>"; };
		C7BD2DA515404D460031A7E1 /* iconNew.png */ = {isa = PBXFileReference; lastKnownFileType = image.png; path = iconNew.png; sourceTree = "<group>"; };
		C7BD2DBB15405D740031A7E1 /* JMCNewsCell.h */ = {isa = PBXFileReference; fileEncoding = 4; lastKnownFileType = sourcecode.c.h; path = JMCNewsCell.h; sourceTree = "<group>"; };
		C7BD2DBC15405D740031A7E1 /* JMCNewsCell.m */ = {isa = PBXFileReference; fileEncoding = 4; lastKnownFileType = sourcecode.c.objc; path = JMCNewsCell.m; sourceTree = "<group>"; };
		C7D53B201540C23700BFB6BB /* sectionheader.png */ = {isa = PBXFileReference; lastKnownFileType = image.png; path = sectionheader.png; sourceTree = "<group>"; };
		C7D53B221540C9CE00BFB6BB /* Icon.png */ = {isa = PBXFileReference; lastKnownFileType = image.png; path = Icon.png; sourceTree = "<group>"; };
		C7D53B241540C9D100BFB6BB /* Icon@2x.png */ = {isa = PBXFileReference; lastKnownFileType = image.png; path = "Icon@2x.png"; sourceTree = "<group>"; };
		C7D53B2D15419A6900BFB6BB /* JMCMenuViewController.h */ = {isa = PBXFileReference; fileEncoding = 4; lastKnownFileType = sourcecode.c.h; path = JMCMenuViewController.h; sourceTree = "<group>"; };
		C7D53B2E15419A6900BFB6BB /* JMCMenuViewController.m */ = {isa = PBXFileReference; fileEncoding = 4; lastKnownFileType = sourcecode.c.objc; path = JMCMenuViewController.m; sourceTree = "<group>"; };
		C7D53B3015419A7900BFB6BB /* JMCNewsTableViewController.h */ = {isa = PBXFileReference; fileEncoding = 4; lastKnownFileType = sourcecode.c.h; path = JMCNewsTableViewController.h; sourceTree = "<group>"; };
		C7D53B3115419A7900BFB6BB /* JMCNewsTableViewController.m */ = {isa = PBXFileReference; fileEncoding = 4; lastKnownFileType = sourcecode.c.objc; path = JMCNewsTableViewController.m; sourceTree = "<group>"; };
		C7D53B3415419B3D00BFB6BB /* JMCNewsViewController.h */ = {isa = PBXFileReference; fileEncoding = 4; lastKnownFileType = sourcecode.c.h; path = JMCNewsViewController.h; sourceTree = "<group>"; };
		C7D53B3515419B3D00BFB6BB /* JMCNewsViewController.m */ = {isa = PBXFileReference; fileEncoding = 4; lastKnownFileType = sourcecode.c.objc; path = JMCNewsViewController.m; sourceTree = "<group>"; };
		C7D53B3615419B3D00BFB6BB /* JMCNewsViewController.xib */ = {isa = PBXFileReference; fileEncoding = 4; lastKnownFileType = file.xib; path = JMCNewsViewController.xib; sourceTree = "<group>"; };
		C7D53B411541FD0C00BFB6BB /* NavBar.png */ = {isa = PBXFileReference; lastKnownFileType = image.png; path = NavBar.png; sourceTree = "<group>"; };
		C7D53B431542008A00BFB6BB /* backButton.png */ = {isa = PBXFileReference; lastKnownFileType = image.png; path = backButton.png; sourceTree = "<group>"; };
/* End PBXFileReference section */

/* Begin PBXFrameworksBuildPhase section */
		C727F2E4152BC45500E507B1 /* Frameworks */ = {
			isa = PBXFrameworksBuildPhase;
			buildActionMask = 2147483647;
			files = (
				C7A7D1F915398F8800948A19 /* libxml2.2.7.3.dylib in Frameworks */,
				C727F2EC152BC45500E507B1 /* UIKit.framework in Frameworks */,
				C727F2EE152BC45500E507B1 /* Foundation.framework in Frameworks */,
				C727F2F0152BC45500E507B1 /* CoreGraphics.framework in Frameworks */,
			);
			runOnlyForDeploymentPostprocessing = 0;
		};
		C727F2FE152BC45500E507B1 /* Frameworks */ = {
			isa = PBXFrameworksBuildPhase;
			buildActionMask = 2147483647;
			files = (
				C727F304152BC45500E507B1 /* SenTestingKit.framework in Frameworks */,
				C727F305152BC45500E507B1 /* UIKit.framework in Frameworks */,
				C727F306152BC45500E507B1 /* Foundation.framework in Frameworks */,
			);
			runOnlyForDeploymentPostprocessing = 0;
		};
/* End PBXFrameworksBuildPhase section */

/* Begin PBXGroup section */
		C727F2DC152BC45500E507B1 = {
			isa = PBXGroup;
			children = (
				C7D53B241540C9D100BFB6BB /* Icon@2x.png */,
				C7D53B221540C9CE00BFB6BB /* Icon.png */,
				C727F2F1152BC45500E507B1 /* JuniorMIAGEConcept */,
				C727F309152BC45500E507B1 /* JuniorMIAGEConceptTests */,
				C727F2EA152BC45500E507B1 /* Frameworks */,
				C727F2E8152BC45500E507B1 /* Products */,
			);
			sourceTree = "<group>";
		};
		C727F2E8152BC45500E507B1 /* Products */ = {
			isa = PBXGroup;
			children = (
				C727F2E7152BC45500E507B1 /* JuniorMIAGEConcept.app */,
				C727F302152BC45500E507B1 /* JuniorMIAGEConceptTests.octest */,
			);
			name = Products;
			sourceTree = "<group>";
		};
		C727F2EA152BC45500E507B1 /* Frameworks */ = {
			isa = PBXGroup;
			children = (
				C7A7D1F815398F8800948A19 /* libxml2.2.7.3.dylib */,
				C727F2EB152BC45500E507B1 /* UIKit.framework */,
				C727F2ED152BC45500E507B1 /* Foundation.framework */,
				C727F2EF152BC45500E507B1 /* CoreGraphics.framework */,
				C727F303152BC45500E507B1 /* SenTestingKit.framework */,
			);
			name = Frameworks;
			sourceTree = "<group>";
		};
		C727F2F1152BC45500E507B1 /* JuniorMIAGEConcept */ = {
			isa = PBXGroup;
			children = (
				C7D53B3315419A7E00BFB6BB /* Controller */,
				C727F2FA152BC45500E507B1 /* JMCAppDelegate.h */,
				C727F2FB152BC45500E507B1 /* JMCAppDelegate.m */,
				C739D3CB152C43A300FAB22D /* Library */,
				C7B92E3B152C3FC3002113DF /* Models */,
				C7BD2D9515403D590031A7E1 /* Ressources */,
				C727F2F2152BC45500E507B1 /* Supporting Files */,
				C7FBA1B4152C34E1001827DC /* Views */,
			);
			path = JuniorMIAGEConcept;
			sourceTree = "<group>";
		};
		C727F2F2152BC45500E507B1 /* Supporting Files */ = {
			isa = PBXGroup;
			children = (
				C727F2F3152BC45500E507B1 /* JuniorMIAGEConcept-Info.plist */,
				C727F2F4152BC45500E507B1 /* InfoPlist.strings */,
				C727F2F7152BC45500E507B1 /* main.m */,
				C727F2F9152BC45500E507B1 /* JuniorMIAGEConcept-Prefix.pch */,
			);
			name = "Supporting Files";
			sourceTree = "<group>";
		};
		C727F309152BC45500E507B1 /* JuniorMIAGEConceptTests */ = {
			isa = PBXGroup;
			children = (
				C727F30F152BC45500E507B1 /* JuniorMIAGEConceptTests.h */,
				C727F310152BC45500E507B1 /* JuniorMIAGEConceptTests.m */,
				C727F30A152BC45500E507B1 /* Supporting Files */,
			);
			path = JuniorMIAGEConceptTests;
			sourceTree = "<group>";
		};
		C727F30A152BC45500E507B1 /* Supporting Files */ = {
			isa = PBXGroup;
			children = (
				C727F30B152BC45500E507B1 /* JuniorMIAGEConceptTests-Info.plist */,
				C727F30C152BC45500E507B1 /* InfoPlist.strings */,
			);
			name = "Supporting Files";
			sourceTree = "<group>";
		};
		C739D3CB152C43A300FAB22D /* Library */ = {
			isa = PBXGroup;
			children = (
				C74E03AB1539EF33007A6974 /* ViewDeck */,
				C7A7D1F415398E9300948A19 /* GDataXML */,
			);
			name = Library;
			sourceTree = "<group>";
		};
		C74E03AB1539EF33007A6974 /* ViewDeck */ = {
			isa = PBXGroup;
			children = (
				C74E03AC1539EF33007A6974 /* IIViewDeckController.h */,
				C74E03AD1539EF33007A6974 /* IIViewDeckController.m */,
				C74E03AE1539EF33007A6974 /* WrapController.h */,
				C74E03AF1539EF33007A6974 /* WrapController.m */,
			);
			path = ViewDeck;
			sourceTree = "<group>";
		};
		C7A7D1F415398E9300948A19 /* GDataXML */ = {
			isa = PBXGroup;
			children = (
				C7A7D1F515398E9300948A19 /* GDataXMLNode.h */,
				C7A7D1F615398E9300948A19 /* GDataXMLNode.m */,
			);
			path = GDataXML;
			sourceTree = "<group>";
		};
		C7B92E3B152C3FC3002113DF /* Models */ = {
			isa = PBXGroup;
			children = (
				C739D3C3152C437C00FAB22D /* JMCNews.h */,
				C739D3C4152C437C00FAB22D /* JMCNews.m */,
				2AF10F0715399E120032220A /* JMCParser.h */,
				2AF10F0815399E120032220A /* JMCParser.m */,
			);
			name = Models;
			sourceTree = "<group>";
		};
		C7BD2D9515403D590031A7E1 /* Ressources */ = {
			isa = PBXGroup;
			children = (
				C7D53B431542008A00BFB6BB /* backButton.png */,
				C7D53B411541FD0C00BFB6BB /* NavBar.png */,
				C7665D4E15407CBC00C4706F /* bubleComment.png */,
				C7BD2DA315404B6D0031A7E1 /* iconAll.png */,
				C7D53B201540C23700BFB6BB /* sectionheader.png */,
				C7BD2DA1154043430031A7E1 /* menuCell.png */,
				C7BD2DA515404D460031A7E1 /* iconNew.png */,
			);
			path = Ressources;
			sourceTree = "<group>";
		};
		C7D53B3315419A7E00BFB6BB /* Controller */ = {
			isa = PBXGroup;
			children = (
				C7D53B2D15419A6900BFB6BB /* JMCMenuViewController.h */,
				C7D53B2E15419A6900BFB6BB /* JMCMenuViewController.m */,
				C7D53B3015419A7900BFB6BB /* JMCNewsTableViewController.h */,
				C7D53B3115419A7900BFB6BB /* JMCNewsTableViewController.m */,
				C7D53B3415419B3D00BFB6BB /* JMCNewsViewController.h */,
				C7D53B3515419B3D00BFB6BB /* JMCNewsViewController.m */,
			);
			name = Controller;
			sourceTree = "<group>";
		};
		C7FBA1B4152C34E1001827DC /* Views */ = {
			isa = PBXGroup;
			children = (
				C710D9E3153B8DB000779B10 /* JMCMenuViewController.xib */,
				C7D53B3615419B3D00BFB6BB /* JMCNewsViewController.xib */,
				C74A82B8153F7416002EF930 /* JMCMenuHeaderSectionView.h */,
				C74A82B9153F7416002EF930 /* JMCMenuHeaderSectionView.m */,
				C7BD2DBB15405D740031A7E1 /* JMCNewsCell.h */,
				C7BD2DBC15405D740031A7E1 /* JMCNewsCell.m */,
			);
			name = Views;
			sourceTree = "<group>";
		};
/* End PBXGroup section */

/* Begin PBXNativeTarget section */
		C727F2E6152BC45500E507B1 /* JuniorMIAGEConcept */ = {
			isa = PBXNativeTarget;
			buildConfigurationList = C727F314152BC45500E507B1 /* Build configuration list for PBXNativeTarget "JuniorMIAGEConcept" */;
			buildPhases = (
				C727F2E3152BC45500E507B1 /* Sources */,
				C727F2E4152BC45500E507B1 /* Frameworks */,
				C727F2E5152BC45500E507B1 /* Resources */,
			);
			buildRules = (
			);
			dependencies = (
			);
			name = JuniorMIAGEConcept;
			productName = JuniorMIAGEConcept;
			productReference = C727F2E7152BC45500E507B1 /* JuniorMIAGEConcept.app */;
			productType = "com.apple.product-type.application";
		};
		C727F301152BC45500E507B1 /* JuniorMIAGEConceptTests */ = {
			isa = PBXNativeTarget;
			buildConfigurationList = C727F317152BC45500E507B1 /* Build configuration list for PBXNativeTarget "JuniorMIAGEConceptTests" */;
			buildPhases = (
				C727F2FD152BC45500E507B1 /* Sources */,
				C727F2FE152BC45500E507B1 /* Frameworks */,
				C727F2FF152BC45500E507B1 /* Resources */,
				C727F300152BC45500E507B1 /* ShellScript */,
			);
			buildRules = (
			);
			dependencies = (
				C727F308152BC45500E507B1 /* PBXTargetDependency */,
			);
			name = JuniorMIAGEConceptTests;
			productName = JuniorMIAGEConceptTests;
			productReference = C727F302152BC45500E507B1 /* JuniorMIAGEConceptTests.octest */;
			productType = "com.apple.product-type.bundle";
		};
/* End PBXNativeTarget section */

/* Begin PBXProject section */
		C727F2DE152BC45500E507B1 /* Project object */ = {
			isa = PBXProject;
			attributes = {
				CLASSPREFIX = JMC;
				LastUpgradeCheck = 0430;
				ORGANIZATIONNAME = "Université Nice Sophia Antipolis";
			};
			buildConfigurationList = C727F2E1152BC45500E507B1 /* Build configuration list for PBXProject "JuniorMIAGEConcept" */;
			compatibilityVersion = "Xcode 3.2";
			developmentRegion = English;
			hasScannedForEncodings = 0;
			knownRegions = (
				en,
			);
			mainGroup = C727F2DC152BC45500E507B1;
			productRefGroup = C727F2E8152BC45500E507B1 /* Products */;
			projectDirPath = "";
			projectRoot = "";
			targets = (
				C727F2E6152BC45500E507B1 /* JuniorMIAGEConcept */,
				C727F301152BC45500E507B1 /* JuniorMIAGEConceptTests */,
			);
		};
/* End PBXProject section */

/* Begin PBXResourcesBuildPhase section */
		C727F2E5152BC45500E507B1 /* Resources */ = {
			isa = PBXResourcesBuildPhase;
			buildActionMask = 2147483647;
			files = (
				C727F2F6152BC45500E507B1 /* InfoPlist.strings in Resources */,
				C710D9E5153B8DB000779B10 /* JMCMenuViewController.xib in Resources */,
				C7BD2DA2154043430031A7E1 /* menuCell.png in Resources */,
				C7BD2DA415404B6D0031A7E1 /* iconAll.png in Resources */,
				C7BD2DA615404D460031A7E1 /* iconNew.png in Resources */,
				C7665D4F15407CBC00C4706F /* bubleComment.png in Resources */,
				C7D53B211540C23700BFB6BB /* sectionheader.png in Resources */,
				C7D53B231540C9CE00BFB6BB /* Icon.png in Resources */,
				C7D53B251540C9D100BFB6BB /* Icon@2x.png in Resources */,
				C7D53B3815419B3E00BFB6BB /* JMCNewsViewController.xib in Resources */,
				C7D53B421541FD0C00BFB6BB /* NavBar.png in Resources */,
				C7D53B441542008A00BFB6BB /* backButton.png in Resources */,
			);
			runOnlyForDeploymentPostprocessing = 0;
		};
		C727F2FF152BC45500E507B1 /* Resources */ = {
			isa = PBXResourcesBuildPhase;
			buildActionMask = 2147483647;
			files = (
				C727F30E152BC45500E507B1 /* InfoPlist.strings in Resources */,
			);
			runOnlyForDeploymentPostprocessing = 0;
		};
/* End PBXResourcesBuildPhase section */

/* Begin PBXShellScriptBuildPhase section */
		C727F300152BC45500E507B1 /* ShellScript */ = {
			isa = PBXShellScriptBuildPhase;
			buildActionMask = 2147483647;
			files = (
			);
			inputPaths = (
			);
			outputPaths = (
			);
			runOnlyForDeploymentPostprocessing = 0;
			shellPath = /bin/sh;
			shellScript = "# Run the unit tests in this test bundle.\n\"${SYSTEM_DEVELOPER_DIR}/Tools/RunUnitTests\"\n";
		};
/* End PBXShellScriptBuildPhase section */

/* Begin PBXSourcesBuildPhase section */
		C727F2E3152BC45500E507B1 /* Sources */ = {
			isa = PBXSourcesBuildPhase;
			buildActionMask = 2147483647;
			files = (
				C727F2F8152BC45500E507B1 /* main.m in Sources */,
				C727F2FC152BC45500E507B1 /* JMCAppDelegate.m in Sources */,
				C739D3C8152C437C00FAB22D /* JMCNews.m in Sources */,
				C7A7D1F715398E9300948A19 /* GDataXMLNode.m in Sources */,
				2AF10F0915399E120032220A /* JMCParser.m in Sources */,
				C74E03B01539EF33007A6974 /* IIViewDeckController.m in Sources */,
				C74E03B11539EF33007A6974 /* WrapController.m in Sources */,
				C74A82BA153F7416002EF930 /* JMCMenuHeaderSectionView.m in Sources */,
				C7BD2DBD15405D740031A7E1 /* JMCNewsCell.m in Sources */,
				C7D53B2F15419A6900BFB6BB /* JMCMenuViewController.m in Sources */,
				C7D53B3215419A7900BFB6BB /* JMCNewsTableViewController.m in Sources */,
				C7D53B3715419B3E00BFB6BB /* JMCNewsViewController.m in Sources */,
			);
			runOnlyForDeploymentPostprocessing = 0;
		};
		C727F2FD152BC45500E507B1 /* Sources */ = {
			isa = PBXSourcesBuildPhase;
			buildActionMask = 2147483647;
			files = (
				C727F311152BC45500E507B1 /* JuniorMIAGEConceptTests.m in Sources */,
				2AF10F0A15399E120032220A /* JMCParser.m in Sources */,
			);
			runOnlyForDeploymentPostprocessing = 0;
		};
/* End PBXSourcesBuildPhase section */

/* Begin PBXTargetDependency section */
		C727F308152BC45500E507B1 /* PBXTargetDependency */ = {
			isa = PBXTargetDependency;
			target = C727F2E6152BC45500E507B1 /* JuniorMIAGEConcept */;
			targetProxy = C727F307152BC45500E507B1 /* PBXContainerItemProxy */;
		};
/* End PBXTargetDependency section */

/* Begin PBXVariantGroup section */
		C727F2F4152BC45500E507B1 /* InfoPlist.strings */ = {
			isa = PBXVariantGroup;
			children = (
				C727F2F5152BC45500E507B1 /* en */,
			);
			name = InfoPlist.strings;
			sourceTree = "<group>";
		};
		C727F30C152BC45500E507B1 /* InfoPlist.strings */ = {
			isa = PBXVariantGroup;
			children = (
				C727F30D152BC45500E507B1 /* en */,
			);
			name = InfoPlist.strings;
			sourceTree = "<group>";
		};
/* End PBXVariantGroup section */

/* Begin XCBuildConfiguration section */
		C727F312152BC45500E507B1 /* Debug */ = {
			isa = XCBuildConfiguration;
			buildSettings = {
				ALWAYS_SEARCH_USER_PATHS = NO;
				ARCHS = "$(ARCHS_STANDARD_32_BIT)";
				"CODE_SIGN_IDENTITY[sdk=iphoneos*]" = "iPhone Developer";
				COPY_PHASE_STRIP = NO;
				GCC_C_LANGUAGE_STANDARD = gnu99;
				GCC_DYNAMIC_NO_PIC = NO;
				GCC_OPTIMIZATION_LEVEL = 0;
				GCC_PREPROCESSOR_DEFINITIONS = (
					"DEBUG=1",
					"$(inherited)",
				);
				GCC_SYMBOLS_PRIVATE_EXTERN = NO;
				GCC_VERSION = com.apple.compilers.llvm.clang.1_0;
				GCC_WARN_ABOUT_RETURN_TYPE = YES;
				GCC_WARN_UNINITIALIZED_AUTOS = YES;
				GCC_WARN_UNUSED_VARIABLE = YES;
				IPHONEOS_DEPLOYMENT_TARGET = 5.1;
				SDKROOT = iphoneos;
			};
			name = Debug;
		};
		C727F313152BC45500E507B1 /* Release */ = {
			isa = XCBuildConfiguration;
			buildSettings = {
				ALWAYS_SEARCH_USER_PATHS = NO;
				ARCHS = "$(ARCHS_STANDARD_32_BIT)";
				"CODE_SIGN_IDENTITY[sdk=iphoneos*]" = "iPhone Developer";
				COPY_PHASE_STRIP = YES;
				GCC_C_LANGUAGE_STANDARD = gnu99;
				GCC_VERSION = com.apple.compilers.llvm.clang.1_0;
				GCC_WARN_ABOUT_RETURN_TYPE = YES;
				GCC_WARN_UNINITIALIZED_AUTOS = YES;
				GCC_WARN_UNUSED_VARIABLE = YES;
				IPHONEOS_DEPLOYMENT_TARGET = 5.1;
				OTHER_CFLAGS = "-DNS_BLOCK_ASSERTIONS=1";
				SDKROOT = iphoneos;
				VALIDATE_PRODUCT = YES;
			};
			name = Release;
		};
		C727F315152BC45500E507B1 /* Debug */ = {
			isa = XCBuildConfiguration;
			buildSettings = {
				FRAMEWORK_SEARCH_PATHS = (
					"$(inherited)",
					"\"$(SRCROOT)\"",
				);
				GCC_PRECOMPILE_PREFIX_HEADER = YES;
				GCC_PREFIX_HEADER = "JuniorMIAGEConcept/JuniorMIAGEConcept-Prefix.pch";
				INFOPLIST_FILE = "JuniorMIAGEConcept/JuniorMIAGEConcept-Info.plist";
				PRODUCT_NAME = "$(TARGET_NAME)";
				WRAPPER_EXTENSION = app;
			};
			name = Debug;
		};
		C727F316152BC45500E507B1 /* Release */ = {
			isa = XCBuildConfiguration;
			buildSettings = {
				FRAMEWORK_SEARCH_PATHS = (
					"$(inherited)",
					"\"$(SRCROOT)\"",
				);
				GCC_PRECOMPILE_PREFIX_HEADER = YES;
				GCC_PREFIX_HEADER = "JuniorMIAGEConcept/JuniorMIAGEConcept-Prefix.pch";
				INFOPLIST_FILE = "JuniorMIAGEConcept/JuniorMIAGEConcept-Info.plist";
				PRODUCT_NAME = "$(TARGET_NAME)";
				WRAPPER_EXTENSION = app;
			};
			name = Release;
		};
		C727F318152BC45500E507B1 /* Debug */ = {
			isa = XCBuildConfiguration;
			buildSettings = {
				BUNDLE_LOADER = "$(BUILT_PRODUCTS_DIR)/JuniorMIAGEConcept.app/JuniorMIAGEConcept";
				FRAMEWORK_SEARCH_PATHS = (
					"$(SDKROOT)/Developer/Library/Frameworks",
					"$(DEVELOPER_LIBRARY_DIR)/Frameworks",
				);
				GCC_PRECOMPILE_PREFIX_HEADER = YES;
				GCC_PREFIX_HEADER = "JuniorMIAGEConcept/JuniorMIAGEConcept-Prefix.pch";
				INFOPLIST_FILE = "JuniorMIAGEConceptTests/JuniorMIAGEConceptTests-Info.plist";
				PRODUCT_NAME = "$(TARGET_NAME)";
				TEST_HOST = "$(BUNDLE_LOADER)";
				WRAPPER_EXTENSION = octest;
			};
			name = Debug;
		};
		C727F319152BC45500E507B1 /* Release */ = {
			isa = XCBuildConfiguration;
			buildSettings = {
				BUNDLE_LOADER = "$(BUILT_PRODUCTS_DIR)/JuniorMIAGEConcept.app/JuniorMIAGEConcept";
				FRAMEWORK_SEARCH_PATHS = (
					"$(SDKROOT)/Developer/Library/Frameworks",
					"$(DEVELOPER_LIBRARY_DIR)/Frameworks",
				);
				GCC_PRECOMPILE_PREFIX_HEADER = YES;
				GCC_PREFIX_HEADER = "JuniorMIAGEConcept/JuniorMIAGEConcept-Prefix.pch";
				INFOPLIST_FILE = "JuniorMIAGEConceptTests/JuniorMIAGEConceptTests-Info.plist";
				PRODUCT_NAME = "$(TARGET_NAME)";
				TEST_HOST = "$(BUNDLE_LOADER)";
				WRAPPER_EXTENSION = octest;
			};
			name = Release;
		};
/* End XCBuildConfiguration section */

/* Begin XCConfigurationList section */
		C727F2E1152BC45500E507B1 /* Build configuration list for PBXProject "JuniorMIAGEConcept" */ = {
			isa = XCConfigurationList;
			buildConfigurations = (
				C727F312152BC45500E507B1 /* Debug */,
				C727F313152BC45500E507B1 /* Release */,
			);
			defaultConfigurationIsVisible = 0;
			defaultConfigurationName = Release;
		};
		C727F314152BC45500E507B1 /* Build configuration list for PBXNativeTarget "JuniorMIAGEConcept" */ = {
			isa = XCConfigurationList;
			buildConfigurations = (
				C727F315152BC45500E507B1 /* Debug */,
				C727F316152BC45500E507B1 /* Release */,
			);
			defaultConfigurationIsVisible = 0;
			defaultConfigurationName = Release;
		};
		C727F317152BC45500E507B1 /* Build configuration list for PBXNativeTarget "JuniorMIAGEConceptTests" */ = {
			isa = XCConfigurationList;
			buildConfigurations = (
				C727F318152BC45500E507B1 /* Debug */,
				C727F319152BC45500E507B1 /* Release */,
			);
			defaultConfigurationIsVisible = 0;
			defaultConfigurationName = Release;
		};
/* End XCConfigurationList section */
	};
	rootObject = C727F2DE152BC45500E507B1 /* Project object */;
}
